
Microsoft Visual Studio Solution File, Format Version 12.00
# Visual Studio 16
Project("{FAE04EC0-301F-11D3-BF4B-00C04F79EFBC}") = "Assembly-CSharp", "Assembly-CSharp.csproj", "{7E48A4FB-8067-D1C0-1FC9-305CA01CEADA}"
EndProject
Project("{FAE04EC0-301F-11D3-BF4B-00C04F79EFBC}") = "Assembly-CSharp-Editor", "Assembly-CSharp-Editor.csproj", "{9DD257B1-5799-0A9F-F7C3-926466DC2DF6}"
EndProject
Global
	GlobalSection(SolutionConfigurationPlatforms) = preSolution
		Debug|Any CPU = Debug|Any CPU
		Release|Any CPU = Release|Any CPU
	EndGlobalSection
	GlobalSection(ProjectConfigurationPlatforms) = postSolution
		{7E48A4FB-8067-D1C0-1FC9-305CA01CEADA}.Debug|Any CPU.ActiveCfg = Debug|Any CPU
		{7E48A4FB-8067-D1C0-1FC9-305CA01CEADA}.Debug|Any CPU.Build.0 = Debug|Any CPU
		{7E48A4FB-8067-D1C0-1FC9-305CA01CEADA}.Release|Any CPU.ActiveCfg = Release|Any CPU
		{7E48A4FB-8067-D1C0-1FC9-305CA01CEADA}.Release|Any CPU.Build.0 = Release|Any CPU
		{9DD257B1-5799-0A9F-F7C3-926466DC2DF6}.Debug|Any CPU.ActiveCfg = Debug|Any CPU
		{9DD257B1-5799-0A9F-F7C3-926466DC2DF6}.Debug|Any CPU.Build.0 = Debug|Any CPU
		{9DD257B1-5799-0A9F-F7C3-926466DC2DF6}.Release|Any CPU.ActiveCfg = Release|Any CPU
		{9DD257B1-5799-0A9F-F7C3-926466DC2DF6}.Release|Any CPU.Build.0 = Release|Any CPU
	EndGlobalSection
	GlobalSection(SolutionProperties) = preSolution
		HideSolutionNode = FALSE
	EndGlobalSection
EndGlobal
